// !$*UTF8*$!
{
	archiveVersion = 1;
	classes = {
	};
	objectVersion = 46;
	objects = {

/* Begin PBXBuildFile section */
		86A711E418CA282B00EA355B /* Foundation.framework in Frameworks */ = {isa = PBXBuildFile; fileRef = 86A711E318CA282B00EA355B /* Foundation.framework */; };
		86A711E618CA282B00EA355B /* CoreGraphics.framework in Frameworks */ = {isa = PBXBuildFile; fileRef = 86A711E518CA282B00EA355B /* CoreGraphics.framework */; };
		86A711E818CA282B00EA355B /* UIKit.framework in Frameworks */ = {isa = PBXBuildFile; fileRef = 86A711E718CA282B00EA355B /* UIKit.framework */; };
		86A711EE18CA282B00EA355B /* InfoPlist.strings in Resources */ = {isa = PBXBuildFile; fileRef = 86A711EC18CA282B00EA355B /* InfoPlist.strings */; };
		86A711F018CA282B00EA355B /* main.m in Sources */ = {isa = PBXBuildFile; fileRef = 86A711EF18CA282B00EA355B /* main.m */; };
		86A711F418CA282B00EA355B /* TAKAppDelegate.m in Sources */ = {isa = PBXBuildFile; fileRef = 86A711F318CA282B00EA355B /* TAKAppDelegate.m */; };
		86A711F718CA282B00EA355B /* Main.storyboard in Resources */ = {isa = PBXBuildFile; fileRef = 86A711F518CA282B00EA355B /* Main.storyboard */; };
		86A711FA18CA282B00EA355B /* TAKViewController.m in Sources */ = {isa = PBXBuildFile; fileRef = 86A711F918CA282B00EA355B /* TAKViewController.m */; };
		86A711FC18CA282B00EA355B /* Images.xcassets in Resources */ = {isa = PBXBuildFile; fileRef = 86A711FB18CA282B00EA355B /* Images.xcassets */; };
		86A7120318CA282B00EA355B /* XCTest.framework in Frameworks */ = {isa = PBXBuildFile; fileRef = 86A7120218CA282B00EA355B /* XCTest.framework */; };
		86A7120418CA282B00EA355B /* Foundation.framework in Frameworks */ = {isa = PBXBuildFile; fileRef = 86A711E318CA282B00EA355B /* Foundation.framework */; };
		86A7120518CA282B00EA355B /* UIKit.framework in Frameworks */ = {isa = PBXBuildFile; fileRef = 86A711E718CA282B00EA355B /* UIKit.framework */; };
		86A7120D18CA282B00EA355B /* InfoPlist.strings in Resources */ = {isa = PBXBuildFile; fileRef = 86A7120B18CA282B00EA355B /* InfoPlist.strings */; };
		86A7120F18CA282B00EA355B /* TAKKitSampleTests.m in Sources */ = {isa = PBXBuildFile; fileRef = 86A7120E18CA282B00EA355B /* TAKKitSampleTests.m */; };
		DD3E8E0EE13A436EA415DC0E /* libPods.a in Frameworks */ = {isa = PBXBuildFile; fileRef = 7866176674514A41B1117A2D /* libPods.a */; };
/* End PBXBuildFile section */

/* Begin PBXContainerItemProxy section */
		86A7120618CA282B00EA355B /* PBXContainerItemProxy */ = {
			isa = PBXContainerItemProxy;
			containerPortal = 86A711D818CA282B00EA355B /* Project object */;
			proxyType = 1;
			remoteGlobalIDString = 86A711DF18CA282B00EA355B;
			remoteInfo = TAKKitSample;
		};
/* End PBXContainerItemProxy section */

/* Begin PBXFileReference section */
		26C49FBD3ED34A119804D274 /* Pods.xcconfig */ = {isa = PBXFileReference; includeInIndex = 1; lastKnownFileType = text.xcconfig; name = Pods.xcconfig; path = Pods/Pods.xcconfig; sourceTree = "<group>"; };
		7866176674514A41B1117A2D /* libPods.a */ = {isa = PBXFileReference; explicitFileType = archive.ar; includeInIndex = 0; path = libPods.a; sourceTree = BUILT_PRODUCTS_DIR; };
		86A711E018CA282B00EA355B /* TAKKitSample.app */ = {isa = PBXFileReference; explicitFileType = wrapper.application; includeInIndex = 0; path = TAKKitSample.app; sourceTree = BUILT_PRODUCTS_DIR; };
		86A711E318CA282B00EA355B /* Foundation.framework */ = {isa = PBXFileReference; lastKnownFileType = wrapper.framework; name = Foundation.framework; path = System/Library/Frameworks/Foundation.framework; sourceTree = SDKROOT; };
		86A711E518CA282B00EA355B /* CoreGraphics.framework */ = {isa = PBXFileReference; lastKnownFileType = wrapper.framework; name = CoreGraphics.framework; path = System/Library/Frameworks/CoreGraphics.framework; sourceTree = SDKROOT; };
		86A711E718CA282B00EA355B /* UIKit.framework */ = {isa = PBXFileReference; lastKnownFileType = wrapper.framework; name = UIKit.framework; path = System/Library/Frameworks/UIKit.framework; sourceTree = SDKROOT; };
		86A711EB18CA282B00EA355B /* TAKKitSample-Info.plist */ = {isa = PBXFileReference; lastKnownFileType = text.plist.xml; path = "TAKKitSample-Info.plist"; sourceTree = "<group>"; };
		86A711ED18CA282B00EA355B /* en */ = {isa = PBXFileReference; lastKnownFileType = text.plist.strings; name = en; path = en.lproj/InfoPlist.strings; sourceTree = "<group>"; };
		86A711EF18CA282B00EA355B /* main.m */ = {isa = PBXFileReference; lastKnownFileType = sourcecode.c.objc; path = main.m; sourceTree = "<group>"; };
		86A711F118CA282B00EA355B /* TAKKitSample-Prefix.pch */ = {isa = PBXFileReference; lastKnownFileType = sourcecode.c.h; path = "TAKKitSample-Prefix.pch"; sourceTree = "<group>"; };
		86A711F218CA282B00EA355B /* TAKAppDelegate.h */ = {isa = PBXFileReference; lastKnownFileType = sourcecode.c.h; path = TAKAppDelegate.h; sourceTree = "<group>"; };
		86A711F318CA282B00EA355B /* TAKAppDelegate.m */ = {isa = PBXFileReference; lastKnownFileType = sourcecode.c.objc; path = TAKAppDelegate.m; sourceTree = "<group>"; };
		86A711F618CA282B00EA355B /* Base */ = {isa = PBXFileReference; lastKnownFileType = file.storyboard; name = Base; path = Base.lproj/Main.storyboard; sourceTree = "<group>"; };
		86A711F818CA282B00EA355B /* TAKViewController.h */ = {isa = PBXFileReference; lastKnownFileType = sourcecode.c.h; path = TAKViewController.h; sourceTree = "<group>"; };
		86A711F918CA282B00EA355B /* TAKViewController.m */ = {isa = PBXFileReference; lastKnownFileType = sourcecode.c.objc; path = TAKViewController.m; sourceTree = "<group>"; };
		86A711FB18CA282B00EA355B /* Images.xcassets */ = {isa = PBXFileReference; lastKnownFileType = folder.assetcatalog; path = Images.xcassets; sourceTree = "<group>"; };
		86A7120118CA282B00EA355B /* TAKKitSampleTests.xctest */ = {isa = PBXFileReference; explicitFileType = wrapper.cfbundle; includeInIndex = 0; path = TAKKitSampleTests.xctest; sourceTree = BUILT_PRODUCTS_DIR; };
		86A7120218CA282B00EA355B /* XCTest.framework */ = {isa = PBXFileReference; lastKnownFileType = wrapper.framework; name = XCTest.framework; path = Library/Frameworks/XCTest.framework; sourceTree = DEVELOPER_DIR; };
		86A7120A18CA282B00EA355B /* TAKKitSampleTests-Info.plist */ = {isa = PBXFileReference; lastKnownFileType = text.plist.xml; path = "TAKKitSampleTests-Info.plist"; sourceTree = "<group>"; };
		86A7120C18CA282B00EA355B /* en */ = {isa = PBXFileReference; lastKnownFileType = text.plist.strings; name = en; path = en.lproj/InfoPlist.strings; sourceTree = "<group>"; };
		86A7120E18CA282B00EA355B /* TAKKitSampleTests.m */ = {isa = PBXFileReference; lastKnownFileType = sourcecode.c.objc; path = TAKKitSampleTests.m; sourceTree = "<group>"; };
/* End PBXFileReference section */

/* Begin PBXFrameworksBuildPhase section */
		86A711DD18CA282B00EA355B /* Frameworks */ = {
			isa = PBXFrameworksBuildPhase;
			buildActionMask = 2147483647;
			files = (
				86A711E618CA282B00EA355B /* CoreGraphics.framework in Frameworks */,
				86A711E818CA282B00EA355B /* UIKit.framework in Frameworks */,
				86A711E418CA282B00EA355B /* Foundation.framework in Frameworks */,
				DD3E8E0EE13A436EA415DC0E /* libPods.a in Frameworks */,
			);
			runOnlyForDeploymentPostprocessing = 0;
		};
		86A711FE18CA282B00EA355B /* Frameworks */ = {
			isa = PBXFrameworksBuildPhase;
			buildActionMask = 2147483647;
			files = (
				86A7120318CA282B00EA355B /* XCTest.framework in Frameworks */,
				86A7120518CA282B00EA355B /* UIKit.framework in Frameworks */,
				86A7120418CA282B00EA355B /* Foundation.framework in Frameworks */,
			);
			runOnlyForDeploymentPostprocessing = 0;
		};
/* End PBXFrameworksBuildPhase section */

/* Begin PBXGroup section */
		86A711D718CA282B00EA355B = {
			isa = PBXGroup;
			children = (
				86A711E918CA282B00EA355B /* TAKKitSample */,
				86A7120818CA282B00EA355B /* TAKKitSampleTests */,
				86A711E218CA282B00EA355B /* Frameworks */,
				86A711E118CA282B00EA355B /* Products */,
				26C49FBD3ED34A119804D274 /* Pods.xcconfig */,
			);
			sourceTree = "<group>";
		};
		86A711E118CA282B00EA355B /* Products */ = {
			isa = PBXGroup;
			children = (
				86A711E018CA282B00EA355B /* TAKKitSample.app */,
				86A7120118CA282B00EA355B /* TAKKitSampleTests.xctest */,
			);
			name = Products;
			sourceTree = "<group>";
		};
		86A711E218CA282B00EA355B /* Frameworks */ = {
			isa = PBXGroup;
			children = (
				86A711E318CA282B00EA355B /* Foundation.framework */,
				86A711E518CA282B00EA355B /* CoreGraphics.framework */,
				86A711E718CA282B00EA355B /* UIKit.framework */,
				86A7120218CA282B00EA355B /* XCTest.framework */,
				7866176674514A41B1117A2D /* libPods.a */,
			);
			name = Frameworks;
			sourceTree = "<group>";
		};
		86A711E918CA282B00EA355B /* TAKKitSample */ = {
			isa = PBXGroup;
			children = (
				86A711F218CA282B00EA355B /* TAKAppDelegate.h */,
				86A711F318CA282B00EA355B /* TAKAppDelegate.m */,
				86A711F518CA282B00EA355B /* Main.storyboard */,
				86A711F818CA282B00EA355B /* TAKViewController.h */,
				86A711F918CA282B00EA355B /* TAKViewController.m */,
				86A711FB18CA282B00EA355B /* Images.xcassets */,
				86A711EA18CA282B00EA355B /* Supporting Files */,
			);
			path = TAKKitSample;
			sourceTree = "<group>";
		};
		86A711EA18CA282B00EA355B /* Supporting Files */ = {
			isa = PBXGroup;
			children = (
				86A711EB18CA282B00EA355B /* TAKKitSample-Info.plist */,
				86A711EC18CA282B00EA355B /* InfoPlist.strings */,
				86A711EF18CA282B00EA355B /* main.m */,
				86A711F118CA282B00EA355B /* TAKKitSample-Prefix.pch */,
			);
			name = "Supporting Files";
			sourceTree = "<group>";
		};
		86A7120818CA282B00EA355B /* TAKKitSampleTests */ = {
			isa = PBXGroup;
			children = (
				86A7120E18CA282B00EA355B /* TAKKitSampleTests.m */,
				86A7120918CA282B00EA355B /* Supporting Files */,
			);
			path = TAKKitSampleTests;
			sourceTree = "<group>";
		};
		86A7120918CA282B00EA355B /* Supporting Files */ = {
			isa = PBXGroup;
			children = (
				86A7120A18CA282B00EA355B /* TAKKitSampleTests-Info.plist */,
				86A7120B18CA282B00EA355B /* InfoPlist.strings */,
			);
			name = "Supporting Files";
			sourceTree = "<group>";
		};
/* End PBXGroup section */

/* Begin PBXNativeTarget section */
		86A711DF18CA282B00EA355B /* TAKKitSample */ = {
			isa = PBXNativeTarget;
			buildConfigurationList = 86A7121218CA282B00EA355B /* Build configuration list for PBXNativeTarget "TAKKitSample" */;
			buildPhases = (
				848956CE2A6A49F6B896363E /* Check Pods Manifest.lock */,
				86A711DC18CA282B00EA355B /* Sources */,
				86A711DD18CA282B00EA355B /* Frameworks */,
				86A711DE18CA282B00EA355B /* Resources */,
				F9B7F958183047A3892D9D8B /* Copy Pods Resources */,
			);
			buildRules = (
			);
			dependencies = (
			);
			name = TAKKitSample;
			productName = TAKKitSample;
			productReference = 86A711E018CA282B00EA355B /* TAKKitSample.app */;
			productType = "com.apple.product-type.application";
		};
		86A7120018CA282B00EA355B /* TAKKitSampleTests */ = {
			isa = PBXNativeTarget;
			buildConfigurationList = 86A7121518CA282B00EA355B /* Build configuration list for PBXNativeTarget "TAKKitSampleTests" */;
			buildPhases = (
				86A711FD18CA282B00EA355B /* Sources */,
				86A711FE18CA282B00EA355B /* Frameworks */,
				86A711FF18CA282B00EA355B /* Resources */,
			);
			buildRules = (
			);
			dependencies = (
				86A7120718CA282B00EA355B /* PBXTargetDependency */,
			);
			name = TAKKitSampleTests;
			productName = TAKKitSampleTests;
			productReference = 86A7120118CA282B00EA355B /* TAKKitSampleTests.xctest */;
			productType = "com.apple.product-type.bundle.unit-test";
		};
/* End PBXNativeTarget section */

/* Begin PBXProject section */
		86A711D818CA282B00EA355B /* Project object */ = {
			isa = PBXProject;
			attributes = {
				CLASSPREFIX = TAK;
				LastUpgradeCheck = 0510;
				ORGANIZATIONNAME = "Takahiro Ooishi";
				TargetAttributes = {
					86A7120018CA282B00EA355B = {
						TestTargetID = 86A711DF18CA282B00EA355B;
					};
				};
			};
			buildConfigurationList = 86A711DB18CA282B00EA355B /* Build configuration list for PBXProject "TAKKitSample" */;
			compatibilityVersion = "Xcode 3.2";
			developmentRegion = English;
			hasScannedForEncodings = 0;
			knownRegions = (
				en,
				Base,
			);
			mainGroup = 86A711D718CA282B00EA355B;
			productRefGroup = 86A711E118CA282B00EA355B /* Products */;
			projectDirPath = "";
			projectRoot = "";
			targets = (
				86A711DF18CA282B00EA355B /* TAKKitSample */,
				86A7120018CA282B00EA355B /* TAKKitSampleTests */,
			);
		};
/* End PBXProject section */

/* Begin PBXResourcesBuildPhase section */
		86A711DE18CA282B00EA355B /* Resources */ = {
			isa = PBXResourcesBuildPhase;
			buildActionMask = 2147483647;
			files = (
				86A711FC18CA282B00EA355B /* Images.xcassets in Resources */,
				86A711EE18CA282B00EA355B /* InfoPlist.strings in Resources */,
				86A711F718CA282B00EA355B /* Main.storyboard in Resources */,
			);
			runOnlyForDeploymentPostprocessing = 0;
		};
		86A711FF18CA282B00EA355B /* Resources */ = {
			isa = PBXResourcesBuildPhase;
			buildActionMask = 2147483647;
			files = (
				86A7120D18CA282B00EA355B /* InfoPlist.strings in Resources */,
			);
			runOnlyForDeploymentPostprocessing = 0;
		};
/* End PBXResourcesBuildPhase section */

/* Begin PBXShellScriptBuildPhase section */
		848956CE2A6A49F6B896363E /* Check Pods Manifest.lock */ = {
			isa = PBXShellScriptBuildPhase;
			buildActionMask = 2147483647;
			files = (
			);
			inputPaths = (
			);
			name = "Check Pods Manifest.lock";
			outputPaths = (
			);
			runOnlyForDeploymentPostprocessing = 0;
			shellPath = /bin/sh;
			shellScript = "diff \"${PODS_ROOT}/../Podfile.lock\" \"${PODS_ROOT}/Manifest.lock\" > /dev/null\nif [[ $? != 0 ]] ; then\n    cat << EOM\nerror: The sandbox is not in sync with the Podfile.lock. Run 'pod install' or update your CocoaPods installation.\nEOM\n    exit 1\nfi\n";
			showEnvVarsInLog = 0;
		};
		F9B7F958183047A3892D9D8B /* Copy Pods Resources */ = {
			isa = PBXShellScriptBuildPhase;
			buildActionMask = 2147483647;
			files = (
			);
			inputPaths = (
			);
			name = "Copy Pods Resources";
			outputPaths = (
			);
			runOnlyForDeploymentPostprocessing = 0;
			shellPath = /bin/sh;
			shellScript = "\"${SRCROOT}/Pods/Pods-resources.sh\"\n";
			showEnvVarsInLog = 0;
		};
/* End PBXShellScriptBuildPhase section */

/* Begin PBXSourcesBuildPhase section */
		86A711DC18CA282B00EA355B /* Sources */ = {
			isa = PBXSourcesBuildPhase;
			buildActionMask = 2147483647;
			files = (
				86A711F018CA282B00EA355B /* main.m in Sources */,
				86A711FA18CA282B00EA355B /* TAKViewController.m in Sources */,
				86A711F418CA282B00EA355B /* TAKAppDelegate.m in Sources */,
			);
			runOnlyForDeploymentPostprocessing = 0;
		};
		86A711FD18CA282B00EA355B /* Sources */ = {
			isa = PBXSourcesBuildPhase;
			buildActionMask = 2147483647;
			files = (
				86A7120F18CA282B00EA355B /* TAKKitSampleTests.m in Sources */,
			);
			runOnlyForDeploymentPostprocessing = 0;
		};
/* End PBXSourcesBuildPhase section */

/* Begin PBXTargetDependency section */
		86A7120718CA282B00EA355B /* PBXTargetDependency */ = {
			isa = PBXTargetDependency;
			target = 86A711DF18CA282B00EA355B /* TAKKitSample */;
			targetProxy = 86A7120618CA282B00EA355B /* PBXContainerItemProxy */;
		};
/* End PBXTargetDependency section */

/* Begin PBXVariantGroup section */
		86A711EC18CA282B00EA355B /* InfoPlist.strings */ = {
			isa = PBXVariantGroup;
			children = (
				86A711ED18CA282B00EA355B /* en */,
			);
			name = InfoPlist.strings;
			sourceTree = "<group>";
		};
		86A711F518CA282B00EA355B /* Main.storyboard */ = {
			isa = PBXVariantGroup;
			children = (
				86A711F618CA282B00EA355B /* Base */,
			);
			name = Main.storyboard;
			sourceTree = "<group>";
		};
		86A7120B18CA282B00EA355B /* InfoPlist.strings */ = {
			isa = PBXVariantGroup;
			children = (
				86A7120C18CA282B00EA355B /* en */,
			);
			name = InfoPlist.strings;
			sourceTree = "<group>";
		};
/* End PBXVariantGroup section */

/* Begin XCBuildConfiguration section */
		86A7121018CA282B00EA355B /* Debug */ = {
			isa = XCBuildConfiguration;
			buildSettings = {
				ALWAYS_SEARCH_USER_PATHS = NO;
				CLANG_CXX_LANGUAGE_STANDARD = "gnu++0x";
				CLANG_CXX_LIBRARY = "libc++";
				CLANG_ENABLE_MODULES = YES;
				CLANG_ENABLE_OBJC_ARC = YES;
				CLANG_WARN_BOOL_CONVERSION = YES;
				CLANG_WARN_CONSTANT_CONVERSION = YES;
				CLANG_WARN_DIRECT_OBJC_ISA_USAGE = YES_ERROR;
				CLANG_WARN_EMPTY_BODY = YES;
				CLANG_WARN_ENUM_CONVERSION = YES;
				CLANG_WARN_INT_CONVERSION = YES;
				CLANG_WARN_OBJC_ROOT_CLASS = YES_ERROR;
				CLANG_WARN__DUPLICATE_METHOD_MATCH = YES;
				"CODE_SIGN_IDENTITY[sdk=iphoneos*]" = "iPhone Developer";
				COPY_PHASE_STRIP = NO;
				GCC_C_LANGUAGE_STANDARD = gnu99;
				GCC_DYNAMIC_NO_PIC = NO;
				GCC_OPTIMIZATION_LEVEL = 0;
				GCC_PREPROCESSOR_DEFINITIONS = (
					"DEBUG=1",
					"$(inherited)",
				);
				GCC_SYMBOLS_PRIVATE_EXTERN = NO;
				GCC_WARN_64_TO_32_BIT_CONVERSION = YES;
				GCC_WARN_ABOUT_RETURN_TYPE = YES_ERROR;
				GCC_WARN_UNDECLARED_SELECTOR = YES;
				GCC_WARN_UNINITIALIZED_AUTOS = YES;
				GCC_WARN_UNUSED_FUNCTION = YES;
				GCC_WARN_UNUSED_VARIABLE = YES;
				IPHONEOS_DEPLOYMENT_TARGET = 7.0;
				ONLY_ACTIVE_ARCH = YES;
				SDKROOT = iphoneos;
			};
			name = Debug;
		};
		86A7121118CA282B00EA355B /* Release */ = {
			isa = XCBuildConfiguration;
			buildSettings = {
				ALWAYS_SEARCH_USER_PATHS = NO;
				CLANG_CXX_LANGUAGE_STANDARD = "gnu++0x";
				CLANG_CXX_LIBRARY = "libc++";
				CLANG_ENABLE_MODULES = YES;
				CLANG_ENABLE_OBJC_ARC = YES;
				CLANG_WARN_BOOL_CONVERSION = YES;
				CLANG_WARN_CONSTANT_CONVERSION = YES;
				CLANG_WARN_DIRECT_OBJC_ISA_USAGE = YES_ERROR;
				CLANG_WARN_EMPTY_BODY = YES;
				CLANG_WARN_ENUM_CONVERSION = YES;
				CLANG_WARN_INT_CONVERSION = YES;
				CLANG_WARN_OBJC_ROOT_CLASS = YES_ERROR;
				CLANG_WARN__DUPLICATE_METHOD_MATCH = YES;
				"CODE_SIGN_IDENTITY[sdk=iphoneos*]" = "iPhone Developer";
				COPY_PHASE_STRIP = YES;
				ENABLE_NS_ASSERTIONS = NO;
				GCC_C_LANGUAGE_STANDARD = gnu99;
				GCC_WARN_64_TO_32_BIT_CONVERSION = YES;
				GCC_WARN_ABOUT_RETURN_TYPE = YES_ERROR;
				GCC_WARN_UNDECLARED_SELECTOR = YES;
				GCC_WARN_UNINITIALIZED_AUTOS = YES;
				GCC_WARN_UNUSED_FUNCTION = YES;
				GCC_WARN_UNUSED_VARIABLE = YES;
				IPHONEOS_DEPLOYMENT_TARGET = 7.0;
				SDKROOT = iphoneos;
				VALIDATE_PRODUCT = YES;
			};
			name = Release;
		};
		86A7121318CA282B00EA355B /* Debug */ = {
			isa = XCBuildConfiguration;
			baseConfigurationReference = 26C49FBD3ED34A119804D274 /* Pods.xcconfig */;
			buildSettings = {
				ASSETCATALOG_COMPILER_APPICON_NAME = AppIcon;
				ASSETCATALOG_COMPILER_LAUNCHIMAGE_NAME = LaunchImage;
				GCC_PRECOMPILE_PREFIX_HEADER = YES;
				GCC_PREFIX_HEADER = "TAKKitSample/TAKKitSample-Prefix.pch";
				INFOPLIST_FILE = "TAKKitSample/TAKKitSample-Info.plist";
				PRODUCT_NAME = "$(TARGET_NAME)";
				WRAPPER_EXTENSION = app;
			};
			name = Debug;
		};
		86A7121418CA282B00EA355B /* Release */ = {
			isa = XCBuildConfiguration;
			baseConfigurationReference = 26C49FBD3ED34A119804D274 /* Pods.xcconfig */;
			buildSettings = {
				ASSETCATALOG_COMPILER_APPICON_NAME = AppIcon;
				ASSETCATALOG_COMPILER_LAUNCHIMAGE_NAME = LaunchImage;
				GCC_PRECOMPILE_PREFIX_HEADER = YES;
				GCC_PREFIX_HEADER = "TAKKitSample/TAKKitSample-Prefix.pch";
				INFOPLIST_FILE = "TAKKitSample/TAKKitSample-Info.plist";
				PRODUCT_NAME = "$(TARGET_NAME)";
				WRAPPER_EXTENSION = app;
			};
			name = Release;
		};
		86A7121618CA282B00EA355B /* Debug */ = {
			isa = XCBuildConfiguration;
			buildSettings = {
				BUNDLE_LOADER = "$(BUILT_PRODUCTS_DIR)/TAKKitSample.app/TAKKitSample";
				FRAMEWORK_SEARCH_PATHS = (
					"$(SDKROOT)/Developer/Library/Frameworks",
					"$(inherited)",
					"$(DEVELOPER_FRAMEWORKS_DIR)",
				);
				GCC_PRECOMPILE_PREFIX_HEADER = YES;
				GCC_PREFIX_HEADER = "TAKKitSample/TAKKitSample-Prefix.pch";
				GCC_PREPROCESSOR_DEFINITIONS = (
					"DEBUG=1",
					"$(inherited)",
				);
				INFOPLIST_FILE = "TAKKitSampleTests/TAKKitSampleTests-Info.plist";
				PRODUCT_NAME = "$(TARGET_NAME)";
				TEST_HOST = "$(BUNDLE_LOADER)";
				WRAPPER_EXTENSION = xctest;
			};
			name = Debug;
		};
		86A7121718CA282B00EA355B /* Release */ = {
			isa = XCBuildConfiguration;
			buildSettings = {
				BUNDLE_LOADER = "$(BUILT_PRODUCTS_DIR)/TAKKitSample.app/TAKKitSample";
				FRAMEWORK_SEARCH_PATHS = (
					"$(SDKROOT)/Developer/Library/Frameworks",
					"$(inherited)",
					"$(DEVELOPER_FRAMEWORKS_DIR)",
				);
				GCC_PRECOMPILE_PREFIX_HEADER = YES;
				GCC_PREFIX_HEADER = "TAKKitSample/TAKKitSample-Prefix.pch";
				INFOPLIST_FILE = "TAKKitSampleTests/TAKKitSampleTests-Info.plist";
				PRODUCT_NAME = "$(TARGET_NAME)";
				TEST_HOST = "$(BUNDLE_LOADER)";
				WRAPPER_EXTENSION = xctest;
			};
			name = Release;
		};
/* End XCBuildConfiguration section */

/* Begin XCConfigurationList section */
		86A711DB18CA282B00EA355B /* Build configuration list for PBXProject "TAKKitSample" */ = {
			isa = XCConfigurationList;
			buildConfigurations = (
				86A7121018CA282B00EA355B /* Debug */,
				86A7121118CA282B00EA355B /* Release */,
			);
			defaultConfigurationIsVisible = 0;
			defaultConfigurationName = Release;
		};
		86A7121218CA282B00EA355B /* Build configuration list for PBXNativeTarget "TAKKitSample" */ = {
			isa = XCConfigurationList;
			buildConfigurations = (
				86A7121318CA282B00EA355B /* Debug */,
				86A7121418CA282B00EA355B /* Release */,
			);
			defaultConfigurationIsVisible = 0;
			defaultConfigurationName = Release;
		};
		86A7121518CA282B00EA355B /* Build configuration list for PBXNativeTarget "TAKKitSampleTests" */ = {
			isa = XCConfigurationList;
			buildConfigurations = (
				86A7121618CA282B00EA355B /* Debug */,
				86A7121718CA282B00EA355B /* Release */,
			);
			defaultConfigurationIsVisible = 0;
			defaultConfigurationName = Release;
		};
/* End XCConfigurationList section */
	};
	rootObject = 86A711D818CA282B00EA355B /* Project object */;
}
